
Microsoft Visual Studio Solution File, Format Version 12.00
# Visual Studio Version 16
VisualStudioVersion = 16.0.29609.76
MinimumVisualStudioVersion = 10.0.40219.1
Project("{FAE04EC0-301F-11D3-BF4B-00C04F79EFBC}") = "MarfazahFashion", "MarfazahFashion.csproj", "{056C0B59-EBD4-4FEE-84FF-EAD883632A26}"
EndProject
Global
	GlobalSection(SolutionConfigurationPlatforms) = preSolution
		Debug|Any CPU = Debug|Any CPU
		Release|Any CPU = Release|Any CPU
	EndGlobalSection
	GlobalSection(ProjectConfigurationPlatforms) = postSolution
		{056C0B59-EBD4-4FEE-84FF-EAD883632A26}.Debug|Any CPU.ActiveCfg = Debug|Any CPU
		{056C0B59-EBD4-4FEE-84FF-EAD883632A26}.Debug|Any CPU.Build.0 = Debug|Any CPU
		{056C0B59-EBD4-4FEE-84FF-EAD883632A26}.Release|Any CPU.ActiveCfg = Release|Any CPU
		{056C0B59-EBD4-4FEE-84FF-EAD883632A26}.Release|Any CPU.Build.0 = Release|Any CPU
	EndGlobalSection
	GlobalSection(SolutionProperties) = preSolution
		HideSolutionNode = FALSE
	EndGlobalSection
	GlobalSection(ExtensibilityGlobals) = postSolution
		SolutionGuid = {7D53D962-1482-431F-9DBF-8BA7119236D8}
	EndGlobalSection
EndGlobal
